version: 6
environments:
  default:
    channels:
    - url: https://conda.anaconda.org/conda-forge/
    indexes:
    - https://pypi.org/simple
    packages:
      linux-64:
      - conda: https://conda.anaconda.org/conda-forge/linux-64/_libgcc_mutex-0.1-conda_forge.tar.bz2
      - conda: https://conda.anaconda.org/conda-forge/linux-64/_openmp_mutex-4.5-2_gnu.tar.bz2
      - conda: https://conda.anaconda.org/conda-forge/linux-64/bzip2-1.0.8-h4bc722e_7.conda
      - conda: https://conda.anaconda.org/conda-forge/noarch/ca-certificates-2025.1.31-hbd8a1cb_1.conda
      - conda: https://conda.anaconda.org/conda-forge/linux-64/ld_impl_linux-64-2.43-h712a8e2_4.conda
      - conda: https://conda.anaconda.org/conda-forge/linux-64/libexpat-2.7.0-h5888daf_0.conda
      - conda: https://conda.anaconda.org/conda-forge/linux-64/libffi-3.4.6-h2dba641_1.conda
      - conda: https://conda.anaconda.org/conda-forge/linux-64/libgcc-14.2.0-h767d61c_2.conda
      - conda: https://conda.anaconda.org/conda-forge/linux-64/libgcc-ng-14.2.0-h69a702a_2.conda
      - conda: https://conda.anaconda.org/conda-forge/linux-64/libgomp-14.2.0-h767d61c_2.conda
      - conda: https://conda.anaconda.org/conda-forge/linux-64/liblzma-5.8.1-hb9d3cd8_0.conda
      - conda: https://conda.anaconda.org/conda-forge/linux-64/libmpdec-4.0.0-h4bc722e_0.conda
      - conda: https://conda.anaconda.org/conda-forge/linux-64/libsqlite-3.49.1-hee588c1_2.conda
      - conda: https://conda.anaconda.org/conda-forge/linux-64/libuuid-2.38.1-h0b41bf4_0.conda
      - conda: https://conda.anaconda.org/conda-forge/linux-64/libzlib-1.3.1-hb9d3cd8_2.conda
      - conda: https://conda.anaconda.org/conda-forge/linux-64/ncurses-6.5-h2d0b736_3.conda
      - conda: https://conda.anaconda.org/conda-forge/linux-64/openssl-3.5.0-h7b32b05_0.conda
      - conda: https://conda.anaconda.org/conda-forge/linux-64/python-3.13.3-hf636f53_101_cp313.conda
      - conda: https://conda.anaconda.org/conda-forge/noarch/python_abi-3.13-7_cp313.conda
      - conda: https://conda.anaconda.org/conda-forge/linux-64/readline-8.2-h8c095d6_2.conda
      - conda: https://conda.anaconda.org/conda-forge/linux-64/tk-8.6.13-noxft_h4845f30_101.conda
      - conda: https://conda.anaconda.org/conda-forge/noarch/tzdata-2025b-h78e105d_0.conda
      - pypi: https://files.pythonhosted.org/packages/25/8a/c46dcc25341b5bce5472c718902eb3d38600a903b14fa6aeecef3f21a46f/asttokens-3.0.0-py3-none-any.whl
      - pypi: https://files.pythonhosted.org/packages/38/fc/bce832fd4fd99766c04d1ee0eead6b0ec6486fb100ae5e74c1d91292b982/certifi-2025.1.31-py3-none-any.whl
      - pypi: https://files.pythonhosted.org/packages/26/9f/1aab65a6c0db35f43c4d1b4f580e8df53914310afc10ae0397d29d697af4/cffi-1.17.1-cp313-cp313-manylinux_2_17_x86_64.manylinux2014_x86_64.whl
      - pypi: https://files.pythonhosted.org/packages/52/ed/b7f4f07de100bdb95c1756d3a4d17b90c1a3c53715c1a476f8738058e0fa/charset_normalizer-3.4.1-cp313-cp313-manylinux_2_17_x86_64.manylinux2014_x86_64.whl
      - pypi: https://files.pythonhosted.org/packages/78/2b/999b2a1e1ba2206f2d3bca267d68f350beb2b048a41ea827e08ce7260098/cryptography-44.0.2-cp39-abi3-manylinux_2_28_x86_64.whl
      - pypi: https://files.pythonhosted.org/packages/4e/8c/f3147f5c4b73e7550fe5f9352eaa956ae838d5c51eb58e7a25b9f3e2643b/decorator-5.2.1-py3-none-any.whl
      - pypi: https://files.pythonhosted.org/packages/07/6c/aa3f2f849e01cb6a001cd8554a88d4c77c5c1a31c95bdf1cf9301e6d9ef4/defusedxml-0.7.1-py2.py3-none-any.whl
      - pypi: https://files.pythonhosted.org/packages/7b/8f/c4d9bafc34ad7ad5d8dc16dd1347ee0e507a52c3adb6bfa8887e1c6a26ba/executing-2.2.0-py2.py3-none-any.whl
      - pypi: https://files.pythonhosted.org/packages/76/c6/c88e154df9c4e1a2a66ccf0005a88dfb2650c1dffb6f5ce603dfbd452ce3/idna-3.10-py3-none-any.whl
      - pypi: https://files.pythonhosted.org/packages/b2/9d/4ff2adf55d1b6e3777b0303fdbe5b723f76e46cba4a53a32fe82260d2077/ipython-9.1.0-py3-none-any.whl
      - pypi: https://files.pythonhosted.org/packages/d9/33/1f075bf72b0b747cb3288d011319aaf64083cf2efef8354174e3ed4540e2/ipython_pygments_lexers-1.1.1-py3-none-any.whl
      - pypi: https://files.pythonhosted.org/packages/7f/66/b15ce62552d84bbfcec9a4873ab79d993a1dd4edb922cbfccae192bd5b5f/jaraco.classes-3.4.0-py3-none-any.whl
      - pypi: https://files.pythonhosted.org/packages/ff/db/0c52c4cf5e4bd9f5d7135ec7669a3a767af21b3a308e1ed3674881e52b62/jaraco.context-6.0.1-py3-none-any.whl
      - pypi: https://files.pythonhosted.org/packages/9f/4f/24b319316142c44283d7540e76c7b5a6dbd5db623abd86bb7b3491c21018/jaraco.functools-4.1.0-py3-none-any.whl
      - pypi: https://files.pythonhosted.org/packages/c0/5a/9cac0c82afec3d09ccd97c8b6502d48f165f9124db81b4bcb90b4af974ee/jedi-0.19.2-py2.py3-none-any.whl
      - pypi: https://files.pythonhosted.org/packages/b2/a3/e137168c9c44d18eff0376253da9f1e9234d0239e0ee230d2fee6cea8e55/jeepney-0.9.0-py3-none-any.whl
      - pypi: https://files.pythonhosted.org/packages/62/a1/3d680cbfd5f4b8f15abc1d571870c5fc3e594bb582bc3b64ea099db13e56/jinja2-3.1.6-py3-none-any.whl
      - pypi: https://files.pythonhosted.org/packages/4f/52/bb617020064261ba31cc965e932943458b7facfd9691ad7f76a2b631f44f/jira-3.8.0-py3-none-any.whl
      - pypi: https://files.pythonhosted.org/packages/b6/10/11d46aa7d443f9b9bcbc7cda00bd604f5d6a1c30ba524a852a58f2cef387/jira2markdown-0.3.7-py3-none-any.whl
      - pypi: https://files.pythonhosted.org/packages/d3/32/da7f44bcb1105d3e88a0b74ebdca50c59121d2ddf71c9e34ba47df7f3a56/keyring-25.6.0-py3-none-any.whl
      - pypi: https://files.pythonhosted.org/packages/0c/91/96cf928db8236f1bfab6ce15ad070dfdd02ed88261c2afafd4b43575e9e9/MarkupSafe-3.0.2-cp313-cp313-manylinux_2_17_x86_64.manylinux2014_x86_64.whl
      - pypi: https://files.pythonhosted.org/packages/8f/8e/9ad090d3553c280a8060fbf6e24dc1c0c29704ee7d1c372f0c174aa59285/matplotlib_inline-0.1.7-py3-none-any.whl
      - pypi: https://files.pythonhosted.org/packages/2b/9f/7ba6f94fc1e9ac3d2b853fdff3035fb2fa5afbed898c4a72b8a020610594/more_itertools-10.7.0-py3-none-any.whl
      - pypi: https://files.pythonhosted.org/packages/7e/80/cab10959dc1faead58dc8384a781dfbf93cb4d33d50988f7a69f1b7c9bbe/oauthlib-3.2.2-py3-none-any.whl
      - pypi: https://files.pythonhosted.org/packages/20/12/38679034af332785aac8774540895e234f4d07f7545804097de4b666afd8/packaging-25.0-py3-none-any.whl
      - pypi: https://files.pythonhosted.org/packages/c6/ac/dac4a63f978e4dcb3c6d3a78c4d8e0192a113d288502a1216950c41b1027/parso-0.8.4-py2.py3-none-any.whl
      - pypi: https://files.pythonhosted.org/packages/9e/c3/059298687310d527a58bb01f3b1965787ee3b40dce76752eda8b44e9a2c5/pexpect-4.9.0-py2.py3-none-any.whl
      - pypi: https://files.pythonhosted.org/packages/13/eb/2552ecebc0b887f539111c2cd241f538b8ff5891b8903dfe672e997529be/pillow-11.2.1-cp313-cp313-manylinux_2_28_x86_64.whl
      - pypi: https://files.pythonhosted.org/packages/ce/4f/5249960887b1fbe561d9ff265496d170b55a735b76724f10ef19f9e40716/prompt_toolkit-3.0.51-py3-none-any.whl
      - pypi: https://files.pythonhosted.org/packages/22/a6/858897256d0deac81a172289110f31629fc4cee19b6f01283303e18c8db3/ptyprocess-0.7.0-py2.py3-none-any.whl
      - pypi: https://files.pythonhosted.org/packages/8e/37/efad0257dc6e593a18957422533ff0f87ede7c9c6ea010a2177d738fb82f/pure_eval-0.2.3-py3-none-any.whl
      - pypi: https://files.pythonhosted.org/packages/13/a3/a812df4e2dd5696d1f351d58b8fe16a405b234ad2886a0dab9183fb78109/pycparser-2.22-py3-none-any.whl
      - pypi: https://files.pythonhosted.org/packages/8a/0b/9fcc47d19c48b59121088dd6da2488a49d5f72dacf8262e2790a1d2c7d15/pygments-2.19.1-py3-none-any.whl
      - pypi: https://files.pythonhosted.org/packages/05/e7/df2285f3d08fee213f2d041540fa4fc9ca6c2d44cf36d3a035bf2a8d2bcc/pyparsing-3.2.3-py3-none-any.whl
      - pypi: https://files.pythonhosted.org/packages/49/87/3c8da047b3ec5f99511d1b4d7a5bc72d4b98751c7e78492d14dc736319c5/python_frontmatter-1.1.0-py3-none-any.whl
      - pypi: https://files.pythonhosted.org/packages/04/24/b7721e4845c2f162d26f50521b825fb061bc0a5afcf9a386840f23ea19fa/PyYAML-6.0.2-cp313-cp313-manylinux_2_17_x86_64.manylinux2014_x86_64.whl
      - pypi: https://files.pythonhosted.org/packages/f9/9b/335f9764261e915ed497fcdeb11df5dfd6f7bf257d4a6a2a686d80da4d54/requests-2.32.3-py3-none-any.whl
      - pypi: https://files.pythonhosted.org/packages/3b/5d/63d4ae3b9daea098d5d6f5da83984853c1bbacd5dc826764b249fe119d24/requests_oauthlib-2.0.0-py2.py3-none-any.whl
      - pypi: https://files.pythonhosted.org/packages/3f/51/d4db610ef29373b879047326cbf6fa98b6c1969d6f6dc423279de2b1be2c/requests_toolbelt-1.0.0-py2.py3-none-any.whl
      - pypi: https://files.pythonhosted.org/packages/54/24/b4293291fa1dd830f353d2cb163295742fa87f179fcc8a20a306a81978b7/SecretStorage-3.3.3-py3-none-any.whl
      - pypi: https://files.pythonhosted.org/packages/f1/7b/ce1eafaf1a76852e2ec9b22edecf1daa58175c090266e9f6c64afcd81d91/stack_data-0.6.3-py3-none-any.whl
      - pypi: https://files.pythonhosted.org/packages/00/c0/8f5d070730d7836adc9c9b6408dec68c6ced86b304a9b26a14df072a6e8c/traitlets-5.14.3-py3-none-any.whl
      - pypi: https://files.pythonhosted.org/packages/8b/54/b1ae86c0973cc6f0210b53d508ca3641fb6d0c56823f288d108bc7ab3cc8/typing_extensions-4.13.2-py3-none-any.whl
      - pypi: https://files.pythonhosted.org/packages/6b/11/cc635220681e93a0183390e26485430ca2c7b5f9d33b15c74c2861cb8091/urllib3-2.4.0-py3-none-any.whl
      - pypi: https://files.pythonhosted.org/packages/fd/84/fd2ba7aafacbad3c4201d395674fc6348826569da3c0937e75505ead3528/wcwidth-0.2.13-py2.py3-none-any.whl
      - pypi: .
packages:
- conda: https://conda.anaconda.org/conda-forge/linux-64/_libgcc_mutex-0.1-conda_forge.tar.bz2
  sha256: fe51de6107f9edc7aa4f786a70f4a883943bc9d39b3bb7307c04c41410990726
  md5: d7c89558ba9fa0495403155b64376d81
  license: None
  purls: []
  size: 2562
  timestamp: 1578324546067
- conda: https://conda.anaconda.org/conda-forge/linux-64/_openmp_mutex-4.5-2_gnu.tar.bz2
  build_number: 16
  sha256: fbe2c5e56a653bebb982eda4876a9178aedfc2b545f25d0ce9c4c0b508253d22
  md5: 73aaf86a425cc6e73fcf236a5a46396d
  depends:
  - _libgcc_mutex 0.1 conda_forge
  - libgomp >=7.5.0
  constrains:
  - openmp_impl 9999
  license: BSD-3-Clause
  license_family: BSD
  purls: []
  size: 23621
  timestamp: 1650670423406
- pypi: https://files.pythonhosted.org/packages/25/8a/c46dcc25341b5bce5472c718902eb3d38600a903b14fa6aeecef3f21a46f/asttokens-3.0.0-py3-none-any.whl
  name: asttokens
  version: 3.0.0
  sha256: e3078351a059199dd5138cb1c706e6430c05eff2ff136af5eb4790f9d28932e2
  requires_dist:
  - astroid>=2,<4 ; extra == 'astroid'
  - astroid>=2,<4 ; extra == 'test'
  - pytest ; extra == 'test'
  - pytest-cov ; extra == 'test'
  - pytest-xdist ; extra == 'test'
  requires_python: '>=3.8'
- conda: https://conda.anaconda.org/conda-forge/linux-64/bzip2-1.0.8-h4bc722e_7.conda
  sha256: 5ced96500d945fb286c9c838e54fa759aa04a7129c59800f0846b4335cee770d
  md5: 62ee74e96c5ebb0af99386de58cf9553
  depends:
  - __glibc >=2.17,<3.0.a0
  - libgcc-ng >=12
  license: bzip2-1.0.6
  license_family: BSD
  purls: []
  size: 252783
  timestamp: 1720974456583
- conda: https://conda.anaconda.org/conda-forge/noarch/ca-certificates-2025.1.31-hbd8a1cb_1.conda
  sha256: 43878eddf8eb46e3ba7fcbe77a2f8d00aab9a66d9ff63bc4d072b7af17481197
  md5: e74273d9fc5ab633d613cde474b55157
  depends:
  - __unix
  license: ISC
  purls: []
  size: 158834
  timestamp: 1745260472197
- pypi: https://files.pythonhosted.org/packages/38/fc/bce832fd4fd99766c04d1ee0eead6b0ec6486fb100ae5e74c1d91292b982/certifi-2025.1.31-py3-none-any.whl
  name: certifi
  version: 2025.1.31
  sha256: ca78db4565a652026a4db2bcdf68f2fb589ea80d0be70e03929ed730746b84fe
  requires_python: '>=3.6'
- pypi: https://files.pythonhosted.org/packages/26/9f/1aab65a6c0db35f43c4d1b4f580e8df53914310afc10ae0397d29d697af4/cffi-1.17.1-cp313-cp313-manylinux_2_17_x86_64.manylinux2014_x86_64.whl
  name: cffi
  version: 1.17.1
  sha256: dd398dbc6773384a17fe0d3e7eeb8d1a21c2200473ee6806bb5e6a8e62bb73dd
  requires_dist:
  - pycparser
  requires_python: '>=3.8'
- pypi: https://files.pythonhosted.org/packages/52/ed/b7f4f07de100bdb95c1756d3a4d17b90c1a3c53715c1a476f8738058e0fa/charset_normalizer-3.4.1-cp313-cp313-manylinux_2_17_x86_64.manylinux2014_x86_64.whl
  name: charset-normalizer
  version: 3.4.1
  sha256: 955f8851919303c92343d2f66165294848d57e9bba6cf6e3625485a70a038d11
  requires_python: '>=3.7'
- pypi: https://files.pythonhosted.org/packages/78/2b/999b2a1e1ba2206f2d3bca267d68f350beb2b048a41ea827e08ce7260098/cryptography-44.0.2-cp39-abi3-manylinux_2_28_x86_64.whl
  name: cryptography
  version: 44.0.2
  sha256: b042d2a275c8cee83a4b7ae30c45a15e6a4baa65a179a0ec2d78ebb90e4f6699
  requires_dist:
  - cffi>=1.12 ; platform_python_implementation != 'PyPy'
  - bcrypt>=3.1.5 ; extra == 'ssh'
  - nox>=2024.4.15 ; extra == 'nox'
  - nox[uv]>=2024.3.2 ; python_full_version >= '3.8' and extra == 'nox'
  - cryptography-vectors==44.0.2 ; extra == 'test'
  - pytest>=7.4.0 ; extra == 'test'
  - pytest-benchmark>=4.0 ; extra == 'test'
  - pytest-cov>=2.10.1 ; extra == 'test'
  - pytest-xdist>=3.5.0 ; extra == 'test'
  - pretend>=0.7 ; extra == 'test'
  - certifi>=2024 ; extra == 'test'
  - pytest-randomly ; extra == 'test-randomorder'
  - sphinx>=5.3.0 ; extra == 'docs'
  - sphinx-rtd-theme>=3.0.0 ; python_full_version >= '3.8' and extra == 'docs'
  - pyenchant>=3 ; extra == 'docstest'
  - readme-renderer>=30.0 ; extra == 'docstest'
  - sphinxcontrib-spelling>=7.3.1 ; extra == 'docstest'
  - build>=1.0.0 ; extra == 'sdist'
  - ruff>=0.3.6 ; extra == 'pep8test'
  - mypy>=1.4 ; extra == 'pep8test'
  - check-sdist ; python_full_version >= '3.8' and extra == 'pep8test'
  - click>=8.0.1 ; extra == 'pep8test'
  requires_python: '>=3.7,!=3.9.0,!=3.9.1'
- pypi: https://files.pythonhosted.org/packages/4e/8c/f3147f5c4b73e7550fe5f9352eaa956ae838d5c51eb58e7a25b9f3e2643b/decorator-5.2.1-py3-none-any.whl
  name: decorator
  version: 5.2.1
  sha256: d316bb415a2d9e2d2b3abcc4084c6502fc09240e292cd76a76afc106a1c8e04a
  requires_python: '>=3.8'
- pypi: https://files.pythonhosted.org/packages/07/6c/aa3f2f849e01cb6a001cd8554a88d4c77c5c1a31c95bdf1cf9301e6d9ef4/defusedxml-0.7.1-py2.py3-none-any.whl
  name: defusedxml
  version: 0.7.1
  sha256: a352e7e428770286cc899e2542b6cdaedb2b4953ff269a210103ec58f6198a61
  requires_python: '>=2.7,!=3.0.*,!=3.1.*,!=3.2.*,!=3.3.*,!=3.4.*'
- pypi: https://files.pythonhosted.org/packages/7b/8f/c4d9bafc34ad7ad5d8dc16dd1347ee0e507a52c3adb6bfa8887e1c6a26ba/executing-2.2.0-py2.py3-none-any.whl
  name: executing
  version: 2.2.0
  sha256: 11387150cad388d62750327a53d3339fad4888b39a6fe233c3afbb54ecffd3aa
  requires_dist:
  - asttokens>=2.1.0 ; extra == 'tests'
  - ipython ; extra == 'tests'
  - pytest ; extra == 'tests'
  - coverage ; extra == 'tests'
  - coverage-enable-subprocess ; extra == 'tests'
  - littleutils ; extra == 'tests'
  - rich ; python_full_version >= '3.11' and extra == 'tests'
  requires_python: '>=3.8'
- pypi: https://files.pythonhosted.org/packages/76/c6/c88e154df9c4e1a2a66ccf0005a88dfb2650c1dffb6f5ce603dfbd452ce3/idna-3.10-py3-none-any.whl
  name: idna
  version: '3.10'
  sha256: 946d195a0d259cbba61165e88e65941f16e9b36ea6ddb97f00452bae8b1287d3
  requires_dist:
  - ruff>=0.6.2 ; extra == 'all'
  - mypy>=1.11.2 ; extra == 'all'
  - pytest>=8.3.2 ; extra == 'all'
  - flake8>=7.1.1 ; extra == 'all'
  requires_python: '>=3.6'
- pypi: https://files.pythonhosted.org/packages/b2/9d/4ff2adf55d1b6e3777b0303fdbe5b723f76e46cba4a53a32fe82260d2077/ipython-9.1.0-py3-none-any.whl
  name: ipython
  version: 9.1.0
  sha256: 2df07257ec2f84a6b346b8d83100bcf8fa501c6e01ab75cd3799b0bb253b3d2a
  requires_dist:
  - colorama ; sys_platform == 'win32'
  - decorator
  - ipython-pygments-lexers
  - jedi>=0.16
  - matplotlib-inline
  - pexpect>4.3 ; sys_platform != 'emscripten' and sys_platform != 'win32'
  - prompt-toolkit>=3.0.41,<3.1.0
  - pygments>=2.4.0
  - stack-data
  - traitlets>=5.13.0
  - typing-extensions>=4.6 ; python_full_version < '3.12'
  - black ; extra == 'black'
  - docrepr ; extra == 'doc'
  - exceptiongroup ; extra == 'doc'
  - intersphinx-registry ; extra == 'doc'
  - ipykernel ; extra == 'doc'
  - ipython[test] ; extra == 'doc'
  - matplotlib ; extra == 'doc'
  - setuptools>=18.5 ; extra == 'doc'
  - sphinx-toml==0.0.4 ; extra == 'doc'
  - sphinx-rtd-theme ; extra == 'doc'
  - sphinx>=1.3 ; extra == 'doc'
  - typing-extensions ; extra == 'doc'
  - pytest ; extra == 'test'
  - pytest-asyncio<0.22 ; extra == 'test'
  - testpath ; extra == 'test'
  - packaging ; extra == 'test'
  - ipython[test] ; extra == 'test-extra'
  - curio ; extra == 'test-extra'
  - jupyter-ai ; extra == 'test-extra'
  - matplotlib!=3.2.0 ; extra == 'test-extra'
  - nbformat ; extra == 'test-extra'
  - nbclient ; extra == 'test-extra'
  - ipykernel ; extra == 'test-extra'
  - numpy>=1.23 ; extra == 'test-extra'
  - pandas ; extra == 'test-extra'
  - trio ; extra == 'test-extra'
  - matplotlib ; extra == 'matplotlib'
  - ipython[doc,matplotlib,test,test-extra] ; extra == 'all'
  requires_python: '>=3.11'
- pypi: https://files.pythonhosted.org/packages/d9/33/1f075bf72b0b747cb3288d011319aaf64083cf2efef8354174e3ed4540e2/ipython_pygments_lexers-1.1.1-py3-none-any.whl
  name: ipython-pygments-lexers
  version: 1.1.1
  sha256: a9462224a505ade19a605f71f8fa63c2048833ce50abc86768a0d81d876dc81c
  requires_dist:
  - pygments
  requires_python: '>=3.8'
- pypi: https://files.pythonhosted.org/packages/7f/66/b15ce62552d84bbfcec9a4873ab79d993a1dd4edb922cbfccae192bd5b5f/jaraco.classes-3.4.0-py3-none-any.whl
  name: jaraco-classes
  version: 3.4.0
  sha256: f662826b6bed8cace05e7ff873ce0f9283b5c924470fe664fff1c2f00f581790
  requires_dist:
  - more-itertools
  - sphinx>=3.5 ; extra == 'docs'
  - jaraco-packaging>=9.3 ; extra == 'docs'
  - rst-linker>=1.9 ; extra == 'docs'
  - furo ; extra == 'docs'
  - sphinx-lint ; extra == 'docs'
  - jaraco-tidelift>=1.4 ; extra == 'docs'
  - pytest>=6 ; extra == 'testing'
  - pytest-checkdocs>=2.4 ; extra == 'testing'
  - pytest-cov ; extra == 'testing'
  - pytest-mypy ; extra == 'testing'
  - pytest-enabler>=2.2 ; extra == 'testing'
  - pytest-ruff>=0.2.1 ; extra == 'testing'
  requires_python: '>=3.8'
- pypi: https://files.pythonhosted.org/packages/ff/db/0c52c4cf5e4bd9f5d7135ec7669a3a767af21b3a308e1ed3674881e52b62/jaraco.context-6.0.1-py3-none-any.whl
  name: jaraco-context
  version: 6.0.1
  sha256: f797fc481b490edb305122c9181830a3a5b76d84ef6d1aef2fb9b47ab956f9e4
  requires_dist:
  - backports-tarfile ; python_full_version < '3.12'
  - sphinx>=3.5 ; extra == 'doc'
  - jaraco-packaging>=9.3 ; extra == 'doc'
  - rst-linker>=1.9 ; extra == 'doc'
  - furo ; extra == 'doc'
  - sphinx-lint ; extra == 'doc'
  - jaraco-tidelift>=1.4 ; extra == 'doc'
  - pytest>=6,!=8.1.* ; extra == 'test'
  - pytest-checkdocs>=2.4 ; extra == 'test'
  - pytest-cov ; extra == 'test'
  - pytest-mypy ; extra == 'test'
  - pytest-enabler>=2.2 ; extra == 'test'
  - portend ; extra == 'test'
  - pytest-ruff>=0.2.1 ; sys_platform != 'cygwin' and extra == 'test'
  requires_python: '>=3.8'
- pypi: https://files.pythonhosted.org/packages/9f/4f/24b319316142c44283d7540e76c7b5a6dbd5db623abd86bb7b3491c21018/jaraco.functools-4.1.0-py3-none-any.whl
  name: jaraco-functools
  version: 4.1.0
  sha256: ad159f13428bc4acbf5541ad6dec511f91573b90fba04df61dafa2a1231cf649
  requires_dist:
  - more-itertools
  - pytest-checkdocs>=2.4 ; extra == 'check'
  - pytest-ruff>=0.2.1 ; sys_platform != 'cygwin' and extra == 'check'
  - pytest-cov ; extra == 'cover'
  - sphinx>=3.5 ; extra == 'doc'
  - jaraco-packaging>=9.3 ; extra == 'doc'
  - rst-linker>=1.9 ; extra == 'doc'
  - furo ; extra == 'doc'
  - sphinx-lint ; extra == 'doc'
  - jaraco-tidelift>=1.4 ; extra == 'doc'
  - pytest-enabler>=2.2 ; extra == 'enabler'
  - pytest>=6,!=8.1.* ; extra == 'test'
  - jaraco-classes ; extra == 'test'
  - pytest-mypy ; extra == 'type'
  requires_python: '>=3.8'
- pypi: https://files.pythonhosted.org/packages/c0/5a/9cac0c82afec3d09ccd97c8b6502d48f165f9124db81b4bcb90b4af974ee/jedi-0.19.2-py2.py3-none-any.whl
  name: jedi
  version: 0.19.2
  sha256: a8ef22bde8490f57fe5c7681a3c83cb58874daf72b4784de3cce5b6ef6edb5b9
  requires_dist:
  - parso>=0.8.4,<0.9.0
  - jinja2==2.11.3 ; extra == 'docs'
  - markupsafe==1.1.1 ; extra == 'docs'
  - pygments==2.8.1 ; extra == 'docs'
  - alabaster==0.7.12 ; extra == 'docs'
  - babel==2.9.1 ; extra == 'docs'
  - chardet==4.0.0 ; extra == 'docs'
  - commonmark==0.8.1 ; extra == 'docs'
  - docutils==0.17.1 ; extra == 'docs'
  - future==0.18.2 ; extra == 'docs'
  - idna==2.10 ; extra == 'docs'
  - imagesize==1.2.0 ; extra == 'docs'
  - mock==1.0.1 ; extra == 'docs'
  - packaging==20.9 ; extra == 'docs'
  - pyparsing==2.4.7 ; extra == 'docs'
  - pytz==2021.1 ; extra == 'docs'
  - readthedocs-sphinx-ext==2.1.4 ; extra == 'docs'
  - recommonmark==0.5.0 ; extra == 'docs'
  - requests==2.25.1 ; extra == 'docs'
  - six==1.15.0 ; extra == 'docs'
  - snowballstemmer==2.1.0 ; extra == 'docs'
  - sphinx-rtd-theme==0.4.3 ; extra == 'docs'
  - sphinx==1.8.5 ; extra == 'docs'
  - sphinxcontrib-serializinghtml==1.1.4 ; extra == 'docs'
  - sphinxcontrib-websupport==1.2.4 ; extra == 'docs'
  - urllib3==1.26.4 ; extra == 'docs'
  - flake8==5.0.4 ; extra == 'qa'
  - mypy==0.971 ; extra == 'qa'
  - types-setuptools==67.2.0.1 ; extra == 'qa'
  - django ; extra == 'testing'
  - attrs ; extra == 'testing'
  - colorama ; extra == 'testing'
  - docopt ; extra == 'testing'
  - pytest<9.0.0 ; extra == 'testing'
  requires_python: '>=3.6'
- pypi: https://files.pythonhosted.org/packages/b2/a3/e137168c9c44d18eff0376253da9f1e9234d0239e0ee230d2fee6cea8e55/jeepney-0.9.0-py3-none-any.whl
  name: jeepney
  version: 0.9.0
  sha256: 97e5714520c16fc0a45695e5365a2e11b81ea79bba796e26f9f1d178cb182683
  requires_dist:
  - pytest ; extra == 'test'
  - pytest-trio ; extra == 'test'
  - pytest-asyncio>=0.17 ; extra == 'test'
  - testpath ; extra == 'test'
  - trio ; extra == 'test'
  - async-timeout ; python_full_version < '3.11' and extra == 'test'
  - trio ; extra == 'trio'
  requires_python: '>=3.7'
- pypi: https://files.pythonhosted.org/packages/62/a1/3d680cbfd5f4b8f15abc1d571870c5fc3e594bb582bc3b64ea099db13e56/jinja2-3.1.6-py3-none-any.whl
  name: jinja2
  version: 3.1.6
  sha256: 85ece4451f492d0c13c5dd7c13a64681a86afae63a5f347908daf103ce6d2f67
  requires_dist:
  - markupsafe>=2.0
  - babel>=2.7 ; extra == 'i18n'
  requires_python: '>=3.7'
- pypi: https://files.pythonhosted.org/packages/4f/52/bb617020064261ba31cc965e932943458b7facfd9691ad7f76a2b631f44f/jira-3.8.0-py3-none-any.whl
  name: jira
  version: 3.8.0
  sha256: 12190dc84dad00b8a6c0341f7e8a254b0f38785afdec022bd5941e1184a5a3fb
  requires_dist:
  - defusedxml
  - packaging
  - pillow>=2.1.0
  - requests-oauthlib>=1.1.0
  - requests>=2.10.0
  - requests-toolbelt
  - typing-extensions>=3.7.4.2
  - requests-futures>=0.9.7 ; extra == 'async'
  - ipython>=4.0.0 ; extra == 'cli'
  - keyring ; extra == 'cli'
  - sphinx>=5.0.0 ; extra == 'docs'
  - sphinx-copybutton ; extra == 'docs'
  - furo ; extra == 'docs'
  - filemagic>=1.6 ; extra == 'opt'
  - pyjwt ; extra == 'opt'
  - requests-jwt ; extra == 'opt'
  - requests-kerberos ; extra == 'opt'
  - docutils>=0.12 ; extra == 'test'
  - flaky ; extra == 'test'
  - markupsafe>=0.23 ; extra == 'test'
  - oauthlib ; extra == 'test'
  - pytest-cache ; extra == 'test'
  - pytest-cov ; extra == 'test'
  - pytest-instafail ; extra == 'test'
  - pytest-sugar ; extra == 'test'
  - pytest-timeout>=1.3.1 ; extra == 'test'
  - pytest-xdist>=2.2 ; extra == 'test'
  - pytest>=6.0.0 ; extra == 'test'
  - pyyaml>=5.1 ; extra == 'test'
  - requests-mock ; extra == 'test'
  - requires-io ; extra == 'test'
  - tenacity ; extra == 'test'
  - wheel>=0.24.0 ; extra == 'test'
  - yanc>=0.3.3 ; extra == 'test'
  - parameterized>=0.8.1 ; extra == 'test'
  requires_python: '>=3.8'
- pypi: https://files.pythonhosted.org/packages/b6/10/11d46aa7d443f9b9bcbc7cda00bd604f5d6a1c30ba524a852a58f2cef387/jira2markdown-0.3.7-py3-none-any.whl
  name: jira2markdown
  version: 0.3.7
  sha256: 32815323c7465f0807ec8dca9e2698d0af1836dd3f12daf69d80f9954d1ca2f3
  requires_dist:
  - pyparsing
  requires_python: '>=3.7,<4.0'
- pypi: .
  name: jirasync
  version: 0.3.1
  sha256: 752020df90b5465958c7be6062eb2a5a87902c944c598406a9bbca5b403d53c7
  requires_dist:
  - jinja2>=3.1.2,<4.0.0
  - jira2markdown>=0.3.6,<0.4.0
  - jira[cli]>=3.5.2,<4.0.0
  - python-frontmatter>=1.0.1,<2.0.0
  requires_python: '>=3.12,<4.0'
  editable: true
- pypi: https://files.pythonhosted.org/packages/d3/32/da7f44bcb1105d3e88a0b74ebdca50c59121d2ddf71c9e34ba47df7f3a56/keyring-25.6.0-py3-none-any.whl
  name: keyring
  version: 25.6.0
  sha256: 552a3f7af126ece7ed5c89753650eec89c7eaae8617d0aa4d9ad2b75111266bd
  requires_dist:
  - pywin32-ctypes>=0.2.0 ; sys_platform == 'win32'
  - secretstorage>=3.2 ; sys_platform == 'linux'
  - jeepney>=0.4.2 ; sys_platform == 'linux'
  - importlib-metadata>=4.11.4 ; python_full_version < '3.12'
  - jaraco-classes
  - importlib-resources ; python_full_version < '3.9'
  - jaraco-functools
  - jaraco-context
  - pytest>=6,!=8.1.* ; extra == 'test'
  - pyfakefs ; extra == 'test'
  - sphinx>=3.5 ; extra == 'doc'
  - jaraco-packaging>=9.3 ; extra == 'doc'
  - rst-linker>=1.9 ; extra == 'doc'
  - furo ; extra == 'doc'
  - sphinx-lint ; extra == 'doc'
  - jaraco-tidelift>=1.4 ; extra == 'doc'
  - pytest-checkdocs>=2.4 ; extra == 'check'
  - pytest-ruff>=0.2.1 ; sys_platform != 'cygwin' and extra == 'check'
  - pytest-cov ; extra == 'cover'
  - pytest-enabler>=2.2 ; extra == 'enabler'
  - pytest-mypy ; extra == 'type'
  - pygobject-stubs ; extra == 'type'
  - shtab ; extra == 'type'
  - types-pywin32 ; extra == 'type'
  - shtab>=1.1.0 ; extra == 'completion'
  requires_python: '>=3.9'
- conda: https://conda.anaconda.org/conda-forge/linux-64/ld_impl_linux-64-2.43-h712a8e2_4.conda
  sha256: db73f38155d901a610b2320525b9dd3b31e4949215c870685fd92ea61b5ce472
  md5: 01f8d123c96816249efd255a31ad7712
  depends:
  - __glibc >=2.17,<3.0.a0
  constrains:
  - binutils_impl_linux-64 2.43
  license: GPL-3.0-only
  license_family: GPL
  purls: []
  size: 671240
  timestamp: 1740155456116
- conda: https://conda.anaconda.org/conda-forge/linux-64/libexpat-2.7.0-h5888daf_0.conda
  sha256: 33ab03438aee65d6aa667cf7d90c91e5e7d734c19a67aa4c7040742c0a13d505
  md5: db0bfbe7dd197b68ad5f30333bae6ce0
  depends:
  - __glibc >=2.17,<3.0.a0
  - libgcc >=13
  constrains:
  - expat 2.7.0.*
  license: MIT
  license_family: MIT
  purls: []
  size: 74427
  timestamp: 1743431794976
- conda: https://conda.anaconda.org/conda-forge/linux-64/libffi-3.4.6-h2dba641_1.conda
  sha256: 764432d32db45466e87f10621db5b74363a9f847d2b8b1f9743746cd160f06ab
  md5: ede4673863426c0883c0063d853bbd85
  depends:
  - __glibc >=2.17,<3.0.a0
  - libgcc >=13
  license: MIT
  license_family: MIT
  purls: []
  size: 57433
  timestamp: 1743434498161
- conda: https://conda.anaconda.org/conda-forge/linux-64/libgcc-14.2.0-h767d61c_2.conda
  sha256: 3a572d031cb86deb541d15c1875aaa097baefc0c580b54dc61f5edab99215792
  md5: ef504d1acbd74b7cc6849ef8af47dd03
  depends:
  - __glibc >=2.17,<3.0.a0
  - _openmp_mutex >=4.5
  constrains:
  - libgomp 14.2.0 h767d61c_2
  - libgcc-ng ==14.2.0=*_2
  license: GPL-3.0-only WITH GCC-exception-3.1
  license_family: GPL
  purls: []
  size: 847885
  timestamp: 1740240653082
- conda: https://conda.anaconda.org/conda-forge/linux-64/libgcc-ng-14.2.0-h69a702a_2.conda
  sha256: fb7558c328b38b2f9d2e412c48da7890e7721ba018d733ebdfea57280df01904
  md5: a2222a6ada71fb478682efe483ce0f92
  depends:
  - libgcc 14.2.0 h767d61c_2
  license: GPL-3.0-only WITH GCC-exception-3.1
  license_family: GPL
  purls: []
  size: 53758
  timestamp: 1740240660904
- conda: https://conda.anaconda.org/conda-forge/linux-64/libgomp-14.2.0-h767d61c_2.conda
  sha256: 1a3130e0b9267e781b89399580f3163632d59fe5b0142900d63052ab1a53490e
  md5: 06d02030237f4d5b3d9a7e7d348fe3c6
  depends:
  - __glibc >=2.17,<3.0.a0
  license: GPL-3.0-only WITH GCC-exception-3.1
  license_family: GPL
  purls: []
  size: 459862
  timestamp: 1740240588123
- conda: https://conda.anaconda.org/conda-forge/linux-64/liblzma-5.8.1-hb9d3cd8_0.conda
  sha256: f4f21dfc54b08d462f707b771ecce3fa9bc702a2a05b55654f64154f48b141ef
  md5: 0e87378639676987af32fee53ba32258
  depends:
  - __glibc >=2.17,<3.0.a0
  - libgcc >=13
  license: 0BSD
  purls: []
  size: 112709
  timestamp: 1743771086123
- conda: https://conda.anaconda.org/conda-forge/linux-64/libmpdec-4.0.0-h4bc722e_0.conda
  sha256: d02d1d3304ecaf5c728e515eb7416517a0b118200cd5eacbe829c432d1664070
  md5: aeb98fdeb2e8f25d43ef71fbacbeec80
  depends:
  - __glibc >=2.17,<3.0.a0
  - libgcc-ng >=12
  license: BSD-2-Clause
  license_family: BSD
  purls: []
  size: 89991
  timestamp: 1723817448345
- conda: https://conda.anaconda.org/conda-forge/linux-64/libsqlite-3.49.1-hee588c1_2.conda
  sha256: a086289bf75c33adc1daed3f1422024504ffb5c3c8b3285c49f025c29708ed16
  md5: 962d6ac93c30b1dfc54c9cccafd1003e
  depends:
  - __glibc >=2.17,<3.0.a0
  - libgcc >=13
  - libzlib >=1.3.1,<2.0a0
  license: Unlicense
  purls: []
  size: 918664
  timestamp: 1742083674731
- conda: https://conda.anaconda.org/conda-forge/linux-64/libuuid-2.38.1-h0b41bf4_0.conda
  sha256: 787eb542f055a2b3de553614b25f09eefb0a0931b0c87dbcce6efdfd92f04f18
  md5: 40b61aab5c7ba9ff276c41cfffe6b80b
  depends:
  - libgcc-ng >=12
  license: BSD-3-Clause
  license_family: BSD
  purls: []
  size: 33601
  timestamp: 1680112270483
- conda: https://conda.anaconda.org/conda-forge/linux-64/libzlib-1.3.1-hb9d3cd8_2.conda
  sha256: d4bfe88d7cb447768e31650f06257995601f89076080e76df55e3112d4e47dc4
  md5: edb0dca6bc32e4f4789199455a1dbeb8
  depends:
  - __glibc >=2.17,<3.0.a0
  - libgcc >=13
  constrains:
  - zlib 1.3.1 *_2
  license: Zlib
  license_family: Other
  purls: []
  size: 60963
  timestamp: 1727963148474
- pypi: https://files.pythonhosted.org/packages/0c/91/96cf928db8236f1bfab6ce15ad070dfdd02ed88261c2afafd4b43575e9e9/MarkupSafe-3.0.2-cp313-cp313-manylinux_2_17_x86_64.manylinux2014_x86_64.whl
  name: markupsafe
  version: 3.0.2
  sha256: 15ab75ef81add55874e7ab7055e9c397312385bd9ced94920f2802310c930396
  requires_python: '>=3.9'
- pypi: https://files.pythonhosted.org/packages/8f/8e/9ad090d3553c280a8060fbf6e24dc1c0c29704ee7d1c372f0c174aa59285/matplotlib_inline-0.1.7-py3-none-any.whl
  name: matplotlib-inline
  version: 0.1.7
  sha256: df192d39a4ff8f21b1895d72e6a13f5fcc5099f00fa84384e0ea28c2cc0653ca
  requires_dist:
  - traitlets
  requires_python: '>=3.8'
- pypi: https://files.pythonhosted.org/packages/2b/9f/7ba6f94fc1e9ac3d2b853fdff3035fb2fa5afbed898c4a72b8a020610594/more_itertools-10.7.0-py3-none-any.whl
  name: more-itertools
  version: 10.7.0
  sha256: d43980384673cb07d2f7d2d918c616b30c659c089ee23953f601d6609c67510e
  requires_python: '>=3.9'
- conda: https://conda.anaconda.org/conda-forge/linux-64/ncurses-6.5-h2d0b736_3.conda
  sha256: 3fde293232fa3fca98635e1167de6b7c7fda83caf24b9d6c91ec9eefb4f4d586
  md5: 47e340acb35de30501a76c7c799c41d7
  depends:
  - __glibc >=2.17,<3.0.a0
  - libgcc >=13
  license: X11 AND BSD-3-Clause
  purls: []
  size: 891641
  timestamp: 1738195959188
- pypi: https://files.pythonhosted.org/packages/7e/80/cab10959dc1faead58dc8384a781dfbf93cb4d33d50988f7a69f1b7c9bbe/oauthlib-3.2.2-py3-none-any.whl
  name: oauthlib
  version: 3.2.2
  sha256: 8139f29aac13e25d502680e9e19963e83f16838d48a0d71c287fe40e7067fbca
  requires_dist:
  - cryptography>=3.0.0 ; extra == 'rsa'
  - blinker>=1.4.0 ; extra == 'signals'
  - cryptography>=3.0.0 ; extra == 'signedtoken'
  - pyjwt>=2.0.0,<3 ; extra == 'signedtoken'
  requires_python: '>=3.6'
- conda: https://conda.anaconda.org/conda-forge/linux-64/openssl-3.5.0-h7b32b05_0.conda
  sha256: 38285d280f84f1755b7c54baf17eccf2e3e696287954ce0adca16546b85ee62c
  md5: bb539841f2a3fde210f387d00ed4bb9d
  depends:
  - __glibc >=2.17,<3.0.a0
  - ca-certificates
  - libgcc >=13
  license: Apache-2.0
  license_family: Apache
  purls: []
  size: 3121673
  timestamp: 1744132167438
- pypi: https://files.pythonhosted.org/packages/20/12/38679034af332785aac8774540895e234f4d07f7545804097de4b666afd8/packaging-25.0-py3-none-any.whl
  name: packaging
  version: '25.0'
  sha256: 29572ef2b1f17581046b3a2227d5c611fb25ec70ca1ba8554b24b0e69331a484
  requires_python: '>=3.8'
- pypi: https://files.pythonhosted.org/packages/c6/ac/dac4a63f978e4dcb3c6d3a78c4d8e0192a113d288502a1216950c41b1027/parso-0.8.4-py2.py3-none-any.whl
  name: parso
  version: 0.8.4
  sha256: a418670a20291dacd2dddc80c377c5c3791378ee1e8d12bffc35420643d43f18
  requires_dist:
  - flake8==5.0.4 ; extra == 'qa'
  - mypy==0.971 ; extra == 'qa'
  - types-setuptools==67.2.0.1 ; extra == 'qa'
  - docopt ; extra == 'testing'
  - pytest ; extra == 'testing'
  requires_python: '>=3.6'
- pypi: https://files.pythonhosted.org/packages/9e/c3/059298687310d527a58bb01f3b1965787ee3b40dce76752eda8b44e9a2c5/pexpect-4.9.0-py2.py3-none-any.whl
  name: pexpect
  version: 4.9.0
  sha256: 7236d1e080e4936be2dc3e326cec0af72acf9212a7e1d060210e70a47e253523
  requires_dist:
  - ptyprocess>=0.5
- pypi: https://files.pythonhosted.org/packages/13/eb/2552ecebc0b887f539111c2cd241f538b8ff5891b8903dfe672e997529be/pillow-11.2.1-cp313-cp313-manylinux_2_28_x86_64.whl
  name: pillow
  version: 11.2.1
  sha256: ad275964d52e2243430472fc5d2c2334b4fc3ff9c16cb0a19254e25efa03a155
  requires_dist:
  - furo ; extra == 'docs'
  - olefile ; extra == 'docs'
  - sphinx>=8.2 ; extra == 'docs'
  - sphinx-copybutton ; extra == 'docs'
  - sphinx-inline-tabs ; extra == 'docs'
  - sphinxext-opengraph ; extra == 'docs'
  - olefile ; extra == 'fpx'
  - olefile ; extra == 'mic'
  - pyarrow ; extra == 'test-arrow'
  - check-manifest ; extra == 'tests'
  - coverage>=7.4.2 ; extra == 'tests'
  - defusedxml ; extra == 'tests'
  - markdown2 ; extra == 'tests'
  - olefile ; extra == 'tests'
  - packaging ; extra == 'tests'
  - pyroma ; extra == 'tests'
  - pytest ; extra == 'tests'
  - pytest-cov ; extra == 'tests'
  - pytest-timeout ; extra == 'tests'
  - trove-classifiers>=2024.10.12 ; extra == 'tests'
  - typing-extensions ; python_full_version < '3.10' and extra == 'typing'
  - defusedxml ; extra == 'xmp'
  requires_python: '>=3.9'
- pypi: https://files.pythonhosted.org/packages/ce/4f/5249960887b1fbe561d9ff265496d170b55a735b76724f10ef19f9e40716/prompt_toolkit-3.0.51-py3-none-any.whl
  name: prompt-toolkit
  version: 3.0.51
  sha256: 52742911fde84e2d423e2f9a4cf1de7d7ac4e51958f648d9540e0fb8db077b07
  requires_dist:
  - wcwidth
  requires_python: '>=3.8'
- pypi: https://files.pythonhosted.org/packages/22/a6/858897256d0deac81a172289110f31629fc4cee19b6f01283303e18c8db3/ptyprocess-0.7.0-py2.py3-none-any.whl
  name: ptyprocess
  version: 0.7.0
  sha256: 4b41f3967fce3af57cc7e94b888626c18bf37a083e3651ca8feeb66d492fef35
- pypi: https://files.pythonhosted.org/packages/8e/37/efad0257dc6e593a18957422533ff0f87ede7c9c6ea010a2177d738fb82f/pure_eval-0.2.3-py3-none-any.whl
  name: pure-eval
  version: 0.2.3
  sha256: 1db8e35b67b3d218d818ae653e27f06c3aa420901fa7b081ca98cbedc874e0d0
  requires_dist:
  - pytest ; extra == 'tests'
- pypi: https://files.pythonhosted.org/packages/13/a3/a812df4e2dd5696d1f351d58b8fe16a405b234ad2886a0dab9183fb78109/pycparser-2.22-py3-none-any.whl
  name: pycparser
  version: '2.22'
  sha256: c3702b6d3dd8c7abc1afa565d7e63d53a1d0bd86cdc24edd75470f4de499cfcc
  requires_python: '>=3.8'
- pypi: https://files.pythonhosted.org/packages/8a/0b/9fcc47d19c48b59121088dd6da2488a49d5f72dacf8262e2790a1d2c7d15/pygments-2.19.1-py3-none-any.whl
  name: pygments
  version: 2.19.1
  sha256: 9ea1544ad55cecf4b8242fab6dd35a93bbce657034b0611ee383099054ab6d8c
  requires_dist:
  - colorama>=0.4.6 ; extra == 'windows-terminal'
  requires_python: '>=3.8'
- pypi: https://files.pythonhosted.org/packages/05/e7/df2285f3d08fee213f2d041540fa4fc9ca6c2d44cf36d3a035bf2a8d2bcc/pyparsing-3.2.3-py3-none-any.whl
  name: pyparsing
  version: 3.2.3
  sha256: a749938e02d6fd0b59b356ca504a24982314bb090c383e3cf201c95ef7e2bfcf
  requires_dist:
  - railroad-diagrams ; extra == 'diagrams'
  - jinja2 ; extra == 'diagrams'
  requires_python: '>=3.9'
- conda: https://conda.anaconda.org/conda-forge/linux-64/python-3.13.3-hf636f53_101_cp313.conda
  build_number: 101
  sha256: eecb11ea60f8143deeb301eab2e04d04f7acb83659bb20fdfeacd431a5f31168
  md5: 10622e12d649154af0bd76bcf33a7c5c
  depends:
  - __glibc >=2.17,<3.0.a0
  - bzip2 >=1.0.8,<2.0a0
  - ld_impl_linux-64 >=2.36.1
  - libexpat >=2.7.0,<3.0a0
  - libffi >=3.4.6,<3.5.0a0
  - libgcc >=13
  - liblzma >=5.8.1,<6.0a0
  - libmpdec >=4.0.0,<5.0a0
  - libsqlite >=3.49.1,<4.0a0
  - libuuid >=2.38.1,<3.0a0
  - libzlib >=1.3.1,<2.0a0
  - ncurses >=6.5,<7.0a0
  - openssl >=3.5.0,<4.0a0
  - python_abi 3.13.* *_cp313
  - readline >=8.2,<9.0a0
  - tk >=8.6.13,<8.7.0a0
  - tzdata
  license: Python-2.0
  purls: []
  size: 33268245
  timestamp: 1744665022734
  python_site_packages_path: lib/python3.13/site-packages
- pypi: https://files.pythonhosted.org/packages/49/87/3c8da047b3ec5f99511d1b4d7a5bc72d4b98751c7e78492d14dc736319c5/python_frontmatter-1.1.0-py3-none-any.whl
  name: python-frontmatter
  version: 1.1.0
  sha256: 335465556358d9d0e6c98bbeb69b1c969f2a4a21360587b9873bfc3b213407c1
  requires_dist:
  - pyyaml
  - sphinx ; extra == 'docs'
  - pytest ; extra == 'test'
  - toml ; extra == 'test'
  - pyaml ; extra == 'test'
  - mypy ; extra == 'test'
  - types-pyyaml ; extra == 'test'
  - types-toml ; extra == 'test'
- conda: https://conda.anaconda.org/conda-forge/noarch/python_abi-3.13-7_cp313.conda
  build_number: 7
  sha256: 0595134584589064f56e67d3de1d8fcbb673a972946bce25fb593fb092fdcd97
  md5: e84b44e6300f1703cb25d29120c5b1d8
  constrains:
  - python 3.13.* *_cp313
  license: BSD-3-Clause
  license_family: BSD
  purls: []
  size: 6988
  timestamp: 1745258852285
- pypi: https://files.pythonhosted.org/packages/04/24/b7721e4845c2f162d26f50521b825fb061bc0a5afcf9a386840f23ea19fa/PyYAML-6.0.2-cp313-cp313-manylinux_2_17_x86_64.manylinux2014_x86_64.whl
  name: pyyaml
  version: 6.0.2
  sha256: 70b189594dbe54f75ab3a1acec5f1e3faa7e8cf2f1e08d9b561cb41b845f69d5
  requires_python: '>=3.8'
- conda: https://conda.anaconda.org/conda-forge/linux-64/readline-8.2-h8c095d6_2.conda
  sha256: 2d6d0c026902561ed77cd646b5021aef2d4db22e57a5b0178dfc669231e06d2c
  md5: 283b96675859b20a825f8fa30f311446
  depends:
  - libgcc >=13
  - ncurses >=6.5,<7.0a0
  license: GPL-3.0-only
  license_family: GPL
  purls: []
  size: 282480
  timestamp: 1740379431762
- pypi: https://files.pythonhosted.org/packages/f9/9b/335f9764261e915ed497fcdeb11df5dfd6f7bf257d4a6a2a686d80da4d54/requests-2.32.3-py3-none-any.whl
  name: requests
  version: 2.32.3
  sha256: 70761cfe03c773ceb22aa2f671b4757976145175cdfca038c02654d061d6dcc6
  requires_dist:
  - charset-normalizer>=2,<4
  - idna>=2.5,<4
  - urllib3>=1.21.1,<3
  - certifi>=2017.4.17
  - pysocks>=1.5.6,!=1.5.7 ; extra == 'socks'
  - chardet>=3.0.2,<6 ; extra == 'use-chardet-on-py3'
  requires_python: '>=3.8'
- pypi: https://files.pythonhosted.org/packages/3b/5d/63d4ae3b9daea098d5d6f5da83984853c1bbacd5dc826764b249fe119d24/requests_oauthlib-2.0.0-py2.py3-none-any.whl
  name: requests-oauthlib
  version: 2.0.0
  sha256: 7dd8a5c40426b779b0868c404bdef9768deccf22749cde15852df527e6269b36
  requires_dist:
  - oauthlib>=3.0.0
  - requests>=2.0.0
  - oauthlib[signedtoken]>=3.0.0 ; extra == 'rsa'
  requires_python: '>=3.4'
- pypi: https://files.pythonhosted.org/packages/3f/51/d4db610ef29373b879047326cbf6fa98b6c1969d6f6dc423279de2b1be2c/requests_toolbelt-1.0.0-py2.py3-none-any.whl
  name: requests-toolbelt
  version: 1.0.0
  sha256: cccfdd665f0a24fcf4726e690f65639d272bb0637b9b92dfd91a5568ccf6bd06
  requires_dist:
  - requests>=2.0.1,<3.0.0
  requires_python: '>=2.7,!=3.0.*,!=3.1.*,!=3.2.*,!=3.3.*'
- pypi: https://files.pythonhosted.org/packages/54/24/b4293291fa1dd830f353d2cb163295742fa87f179fcc8a20a306a81978b7/SecretStorage-3.3.3-py3-none-any.whl
  name: secretstorage
  version: 3.3.3
  sha256: f356e6628222568e3af06f2eba8df495efa13b3b63081dafd4f7d9a7b7bc9f99
  requires_dist:
  - cryptography>=2.0
  - jeepney>=0.6
  requires_python: '>=3.6'
- pypi: https://files.pythonhosted.org/packages/f1/7b/ce1eafaf1a76852e2ec9b22edecf1daa58175c090266e9f6c64afcd81d91/stack_data-0.6.3-py3-none-any.whl
  name: stack-data
  version: 0.6.3
  sha256: d5558e0c25a4cb0853cddad3d77da9891a08cb85dd9f9f91b9f8cd66e511e695
  requires_dist:
  - executing>=1.2.0
  - asttokens>=2.1.0
  - pure-eval
  - pytest ; extra == 'tests'
  - typeguard ; extra == 'tests'
  - pygments ; extra == 'tests'
  - littleutils ; extra == 'tests'
  - cython ; extra == 'tests'
- conda: https://conda.anaconda.org/conda-forge/linux-64/tk-8.6.13-noxft_h4845f30_101.conda
  sha256: e0569c9caa68bf476bead1bed3d79650bb080b532c64a4af7d8ca286c08dea4e
  md5: d453b98d9c83e71da0741bb0ff4d76bc
  depends:
  - libgcc-ng >=12
  - libzlib >=1.2.13,<2.0.0a0
  license: TCL
  license_family: BSD
  purls: []
  size: 3318875
  timestamp: 1699202167581
- pypi: https://files.pythonhosted.org/packages/00/c0/8f5d070730d7836adc9c9b6408dec68c6ced86b304a9b26a14df072a6e8c/traitlets-5.14.3-py3-none-any.whl
  name: traitlets
  version: 5.14.3
  sha256: b74e89e397b1ed28cc831db7aea759ba6640cb3de13090ca145426688ff1ac4f
  requires_dist:
  - myst-parser ; extra == 'docs'
  - pydata-sphinx-theme ; extra == 'docs'
  - sphinx ; extra == 'docs'
  - argcomplete>=3.0.3 ; extra == 'test'
  - mypy>=1.7.0 ; extra == 'test'
  - pre-commit ; extra == 'test'
  - pytest-mock ; extra == 'test'
  - pytest-mypy-testing ; extra == 'test'
  - pytest>=7.0,<8.2 ; extra == 'test'
  requires_python: '>=3.8'
- pypi: https://files.pythonhosted.org/packages/8b/54/b1ae86c0973cc6f0210b53d508ca3641fb6d0c56823f288d108bc7ab3cc8/typing_extensions-4.13.2-py3-none-any.whl
  name: typing-extensions
  version: 4.13.2
  sha256: a439e7c04b49fec3e5d3e2beaa21755cadbbdc391694e28ccdd36ca4a1408f8c
  requires_python: '>=3.8'
- conda: https://conda.anaconda.org/conda-forge/noarch/tzdata-2025b-h78e105d_0.conda
  sha256: 5aaa366385d716557e365f0a4e9c3fca43ba196872abbbe3d56bb610d131e192
  md5: 4222072737ccff51314b5ece9c7d6f5a
  license: LicenseRef-Public-Domain
  purls: []
  size: 122968
  timestamp: 1742727099393
- pypi: https://files.pythonhosted.org/packages/6b/11/cc635220681e93a0183390e26485430ca2c7b5f9d33b15c74c2861cb8091/urllib3-2.4.0-py3-none-any.whl
  name: urllib3
  version: 2.4.0
  sha256: 4e16665048960a0900c702d4a66415956a584919c03361cac9f1df5c5dd7e813
  requires_dist:
  - brotli>=1.0.9 ; platform_python_implementation == 'CPython' and extra == 'brotli'
  - brotlicffi>=0.8.0 ; platform_python_implementation != 'CPython' and extra == 'brotli'
  - h2>=4,<5 ; extra == 'h2'
  - pysocks>=1.5.6,!=1.5.7,<2.0 ; extra == 'socks'
  - zstandard>=0.18.0 ; extra == 'zstd'
  requires_python: '>=3.9'
- pypi: https://files.pythonhosted.org/packages/fd/84/fd2ba7aafacbad3c4201d395674fc6348826569da3c0937e75505ead3528/wcwidth-0.2.13-py2.py3-none-any.whl
  name: wcwidth
  version: 0.2.13
  sha256: 3da69048e4540d84af32131829ff948f1e022c1c6bdb8d6102117aac784f6859
  requires_dist:
  - backports-functools-lru-cache>=1.2.1 ; python_full_version < '3.2'
